{
  "originHash" : "befbe8350a3d118b927070157339c3683d9b7a2a18068fd6b865be2e9e2515f9",
  "pins" : [
    {
      "identity" : "plate",
      "kind" : "remoteSourceControl",
      "location" : "https://github.com/leviouwendijk/plate.git",
      "state" : {
        "branch" : "master",
        "revision" : "be465cea1f62a95dc4781b67366c42e81b125637"
      }
    },
    {
      "identity" : "structures",
      "kind" : "remoteSourceControl",
      "location" : "https://github.com/leviouwendijk/Structures.git",
      "state" : {
        "branch" : "master",
        "revision" : "e1f4eee18d70251eef2d4ce94b825045e988ae25"
      }
    }
  ],
  "version" : 3
}
