{
  "originHash" : "befbe8350a3d118b927070157339c3683d9b7a2a18068fd6b865be2e9e2515f9",
  "pins" : [
    {
      "identity" : "plate",
      "kind" : "remoteSourceControl",
      "location" : "https://github.com/leviouwendijk/plate.git",
      "state" : {
        "branch" : "master",
        "revision" : "8512f29ba1527f737ff09c4cf1f391604caf7f15"
      }
    },
    {
      "identity" : "structures",
      "kind" : "remoteSourceControl",
      "location" : "https://github.com/leviouwendijk/Structures.git",
      "state" : {
        "branch" : "master",
        "revision" : "dcebc75c118d10c1b4108790bb3d38c9732a4852"
      }
    }
  ],
  "version" : 3
}
