{
  "originHash" : "befbe8350a3d118b927070157339c3683d9b7a2a18068fd6b865be2e9e2515f9",
  "pins" : [
    {
      "identity" : "plate",
      "kind" : "remoteSourceControl",
      "location" : "https://github.com/leviouwendijk/plate.git",
      "state" : {
        "branch" : "master",
        "revision" : "04c78107b3f4907460c786500be14997563e72d2"
      }
    },
    {
      "identity" : "structures",
      "kind" : "remoteSourceControl",
      "location" : "https://github.com/leviouwendijk/Structures.git",
      "state" : {
        "branch" : "master",
        "revision" : "194f5a6f89c0f396178b20e4704526eec6b9ad89"
      }
    }
  ],
  "version" : 3
}
